
Microsoft Visual Studio Solution File, Format Version 12.00
# Visual Studio Version 17
VisualStudioVersion = 17.4.33205.214
MinimumVisualStudioVersion = 10.0.40219.1
Project("{FAE04EC0-301F-11D3-BF4B-00C04F79EFBC}") = "FullStack API", "FullStack API\FullStack API.csproj", "{7F21293F-7BBF-4102-92CD-8111C3BC1E73}"
EndProject
Global
	GlobalSection(SolutionConfigurationPlatforms) = preSolution
		Debug|Any CPU = Debug|Any CPU
		Release|Any CPU = Release|Any CPU
	EndGlobalSection
	GlobalSection(ProjectConfigurationPlatforms) = postSolution
		{7F21293F-7BBF-4102-92CD-8111C3BC1E73}.Debug|Any CPU.ActiveCfg = Debug|Any CPU
		{7F21293F-7BBF-4102-92CD-8111C3BC1E73}.Debug|Any CPU.Build.0 = Debug|Any CPU
		{7F21293F-7BBF-4102-92CD-8111C3BC1E73}.Release|Any CPU.ActiveCfg = Release|Any CPU
		{7F21293F-7BBF-4102-92CD-8111C3BC1E73}.Release|Any CPU.Build.0 = Release|Any CPU
	EndGlobalSection
	GlobalSection(SolutionProperties) = preSolution
		HideSolutionNode = FALSE
	EndGlobalSection
	GlobalSection(ExtensibilityGlobals) = postSolution
		SolutionGuid = {B06B1F13-02E2-4548-8BF9-3CB844700BDA}
	EndGlobalSection
EndGlobal
